
Microsoft Visual Studio Solution File, Format Version 12.00
# Visual Studio Version 17
VisualStudioVersion = 17.4.33213.308
MinimumVisualStudioVersion = 10.0.40219.1
Project("{FAE04EC0-301F-11D3-BF4B-00C04F79EFBC}") = "EPSTeamApp", "EPSTeamApp\EPSTeamApp.csproj", "{F42D95CF-A931-49F8-BFDB-74C093E204CB}"
EndProject
Project("{FAE04EC0-301F-11D3-BF4B-00C04F79EFBC}") = "EPSTeamAppLibrary", "EPSTeamAppLibrary\EPSTeamAppLibrary.csproj", "{CA6C4638-66E6-4746-8378-E553BBCA1BDD}"
EndProject
Global
	GlobalSection(SolutionConfigurationPlatforms) = preSolution
		Debug|Any CPU = Debug|Any CPU
		Release|Any CPU = Release|Any CPU
	EndGlobalSection
	GlobalSection(ProjectConfigurationPlatforms) = postSolution
		{F42D95CF-A931-49F8-BFDB-74C093E204CB}.Debug|Any CPU.ActiveCfg = Debug|Any CPU
		{F42D95CF-A931-49F8-BFDB-74C093E204CB}.Debug|Any CPU.Build.0 = Debug|Any CPU
		{F42D95CF-A931-49F8-BFDB-74C093E204CB}.Release|Any CPU.ActiveCfg = Release|Any CPU
		{F42D95CF-A931-49F8-BFDB-74C093E204CB}.Release|Any CPU.Build.0 = Release|Any CPU
		{CA6C4638-66E6-4746-8378-E553BBCA1BDD}.Debug|Any CPU.ActiveCfg = Debug|Any CPU
		{CA6C4638-66E6-4746-8378-E553BBCA1BDD}.Debug|Any CPU.Build.0 = Debug|Any CPU
		{CA6C4638-66E6-4746-8378-E553BBCA1BDD}.Release|Any CPU.ActiveCfg = Release|Any CPU
		{CA6C4638-66E6-4746-8378-E553BBCA1BDD}.Release|Any CPU.Build.0 = Release|Any CPU
	EndGlobalSection
	GlobalSection(SolutionProperties) = preSolution
		HideSolutionNode = FALSE
	EndGlobalSection
	GlobalSection(ExtensibilityGlobals) = postSolution
		SolutionGuid = {020BF091-2A65-4857-B8AE-CB1F6BA81C05}
	EndGlobalSection
EndGlobal
